
Microsoft Visual Studio Solution File, Format Version 12.00
# Visual Studio Version 16
VisualStudioVersion = 16.0.31911.196
MinimumVisualStudioVersion = 10.0.40219.1
Project("{2150E333-8FDC-42A3-9474-1A3956D46DE8}") = "QMainPro", "QMainPro", "{BAD19581-D689-4359-838F-E1628D6CEDDC}"
EndProject
Project("{2150E333-8FDC-42A3-9474-1A3956D46DE8}") = "QPlugins", "QPlugins", "{754E8733-3F1B-4D7C-8CE3-49FE26C32213}"
EndProject
Project("{8BC9CEB8-8B4A-11D0-8D11-00A0C91BC942}") = "QMacVisual", "QMainPro\QMacVisual\QMacVisual.vcxproj", "{D7749FB8-95AA-49A4-A6DB-CCD6AF5A6EF4}"
EndProject
Project("{2150E333-8FDC-42A3-9474-1A3956D46DE8}") = "0. 图像处理", "0. 图像处理", "{D3ACCA54-D5EA-4E42-92AA-F9ABDBC20DED}"
EndProject
Project("{2150E333-8FDC-42A3-9474-1A3956D46DE8}") = "1. 检测识别", "1. 检测识别", "{DD6B2E27-11A5-47E9-9645-1E58B17A9CAE}"
EndProject
Project("{2150E333-8FDC-42A3-9474-1A3956D46DE8}") = "2. 标定工具", "2. 标定工具", "{DCF0A701-65B9-48E8-8745-E05215DD5A9D}"
EndProject
Project("{2150E333-8FDC-42A3-9474-1A3956D46DE8}") = "3. 对位工具", "3. 对位工具", "{B584296C-E705-4302-8722-A050C5458CBE}"
EndProject
Project("{2150E333-8FDC-42A3-9474-1A3956D46DE8}") = "5. 几何测量", "5. 几何测量", "{D7720105-038D-4372-BD39-91AA0C25A144}"
EndProject
Project("{2150E333-8FDC-42A3-9474-1A3956D46DE8}") = "4. 几何工具", "4. 几何工具", "{2628265D-BCB4-4C15-8B7F-84620823B681}"
EndProject
Project("{2150E333-8FDC-42A3-9474-1A3956D46DE8}") = "7. 逻辑工具", "7. 逻辑工具", "{9AD16DBA-4D71-4E42-9F5B-E6CB2A090B10}"
EndProject
Project("{2150E333-8FDC-42A3-9474-1A3956D46DE8}") = "8. 通讯工具", "8. 通讯工具", "{675418CE-4747-4D28-B13A-E91AE980D735}"
EndProject
Project("{2150E333-8FDC-42A3-9474-1A3956D46DE8}") = "9. 系统工具", "9. 系统工具", "{C0435397-543A-4C87-B371-D312575753E4}"
EndProject
Project("{8BC9CEB8-8B4A-11D0-8D11-00A0C91BC942}") = "ImageMorphology", "QPlugins\ImageProcess\ImageMorphology\ImageMorphology.vcxproj", "{A039A46A-F986-4493-9318-77E5E268632B}"
EndProject
Project("{8BC9CEB8-8B4A-11D0-8D11-00A0C91BC942}") = "BarcodeIdentify", "QPlugins\DetectIdentify\BarcodeIdentify\BarcodeIdentify.vcxproj", "{12D1773E-F6C5-48F9-BF60-7522E69FC5F7}"
EndProject
Project("{8BC9CEB8-8B4A-11D0-8D11-00A0C91BC942}") = "QRcodeIdentify", "QPlugins\DetectIdentify\QRcodeIdentify\QRcodeIdentify.vcxproj", "{8032AF6E-F302-460E-A0BC-0D30490F61F2}"
EndProject
Project("{8BC9CEB8-8B4A-11D0-8D11-00A0C91BC942}") = "ERTCalibration", "QPlugins\CalibrationTools\ERTCalibration\ERTCalibration.vcxproj", "{203A6C44-8363-45E2-84EF-B8CD5C26E19C}"
EndProject
Project("{8BC9CEB8-8B4A-11D0-8D11-00A0C91BC942}") = "DistortionCalibration", "QPlugins\CalibrationTools\DistortionCalibration\DistortionCalibration.vcxproj", "{3B875F15-46F9-4F79-9312-7B39E019AEAD}"
EndProject
Project("{8BC9CEB8-8B4A-11D0-8D11-00A0C91BC942}") = "MeasureCalibration", "QPlugins\CalibrationTools\MeasureCalibration\MeasureCalibration.vcxproj", "{4C44ABB2-597D-4DCC-84F8-082EB5135BE4}"
EndProject
Project("{8BC9CEB8-8B4A-11D0-8D11-00A0C91BC942}") = "TemplateMatch", "QPlugins\ParaTools\TemplateMatch\TemplateMatch.vcxproj", "{3F868256-5681-485D-A208-51AC561646FF}"
EndProject
Project("{8BC9CEB8-8B4A-11D0-8D11-00A0C91BC942}") = "LogicJudge", "QPlugins\LogicalTools\LogicJudge\LogicJudge.vcxproj", "{ECB11764-9B90-434F-B0D0-3B7869BC8BC9}"
EndProject
Project("{8BC9CEB8-8B4A-11D0-8D11-00A0C91BC942}") = "ScriptEdit", "QPlugins\LogicalTools\ScriptEdit\ScriptEdit.vcxproj", "{E4C41B7A-5AA7-444B-BD02-CAB1157639ED}"
EndProject
Project("{8BC9CEB8-8B4A-11D0-8D11-00A0C91BC942}") = "DelayTool", "QPlugins\SystemTools\DelayTool\DelayTool.vcxproj", "{766259F7-1CE3-4ABE-B52A-33DF0A2AF254}"
EndProject
Project("{8BC9CEB8-8B4A-11D0-8D11-00A0C91BC942}") = "PlcCommunicate", "QPlugins\CommunicateTools\PlcCommunicate\PlcCommunicate.vcxproj", "{2D763039-78F6-4970-83A6-A5F0F4EEDA0C}"
EndProject
Project("{8BC9CEB8-8B4A-11D0-8D11-00A0C91BC942}") = "ImageSplice", "QPlugins\ImageProcess\ImageSplice\ImageSplice.vcxproj", "{F840841F-6B77-4066-A283-9FE1BC1959E6}"
EndProject
Project("{8BC9CEB8-8B4A-11D0-8D11-00A0C91BC942}") = "Z_Classifier", "QPlugins\DetectIdentify\Classifier\Z_Classifier.vcxproj", "{577EA28B-92E6-42BD-B6AF-654B9CEB1EBE}"
EndProject
Project("{8BC9CEB8-8B4A-11D0-8D11-00A0C91BC942}") = "ExportCsv", "QPlugins\SystemTools\ExportCsv\ExportCsv.vcxproj", "{EDFFF14A-9865-4E3C-994A-876319DD4797}"
EndProject
Project("{8BC9CEB8-8B4A-11D0-8D11-00A0C91BC942}") = "SerialPort", "QPlugins\CommunicateTools\SerialPort\SerialPort.vcxproj", "{539CAC47-4840-434F-BA97-23D3198E5CF4}"
EndProject
Project("{8BC9CEB8-8B4A-11D0-8D11-00A0C91BC942}") = "GeneralIo", "QPlugins\CommunicateTools\GeneralIo\GeneralIo.vcxproj", "{9F834210-0094-4D2A-8FDE-F8652B4CAB85}"
EndProject
Project("{8BC9CEB8-8B4A-11D0-8D11-00A0C91BC942}") = "ExtensionLibrary", "QPlugins\LogicalTools\ExtensionLibrary\ExtensionLibrary.vcxproj", "{66F4D300-EA15-47AC-96A2-A8ED70B7DC37}"
EndProject
Project("{2150E333-8FDC-42A3-9474-1A3956D46DE8}") = "6. 三维检测", "6. 三维检测", "{5FC7FAEA-00F8-4AAB-A256-4BF306960DD9}"
EndProject
Project("{8BC9CEB8-8B4A-11D0-8D11-00A0C91BC942}") = "ImageView", "QPlugins\ImageProcess\ImageView\ImageView.vcxproj", "{6E928964-4B81-4C21-BDCA-D231476BC2EF}"
EndProject
Project("{8BC9CEB8-8B4A-11D0-8D11-00A0C91BC942}") = "Z_ExportImage", "QPlugins\ImageProcess\ExportImage\Z_ExportImage.vcxproj", "{1E5AA5BD-D5D2-422F-B690-7862FD541A32}"
EndProject
Project("{8BC9CEB8-8B4A-11D0-8D11-00A0C91BC942}") = "A_ImageSource", "QPlugins\ImageProcess\ImageSource\A_ImageSource.vcxproj", "{74555634-8855-44E7-A9B7-7E6B3FF426E2}"
EndProject
Project("{8BC9CEB8-8B4A-11D0-8D11-00A0C91BC942}") = "Flatness", "QPlugins\ThreeDInspection\Flatness\Flatness.vcxproj", "{A1713EEA-988A-4E1B-950B-EE8F07B24C5B}"
EndProject
Project("{2150E333-8FDC-42A3-9474-1A3956D46DE8}") = "扩展库示例", "扩展库示例", "{B99D990C-3242-4FBC-A214-AA4E7DCE3858}"
EndProject
Project("{8BC9CEB8-8B4A-11D0-8D11-00A0C91BC942}") = "ExtLibraryCase", "QPlugins\ExtLibraryCases\ExtLibraryCase\ExtLibraryCase.vcxproj", "{BD5A6375-53DD-4F17-A987-3C9F1EE6DAA7}"
EndProject
Project("{8BC9CEB8-8B4A-11D0-8D11-00A0C91BC942}") = "ColorIdentify", "QPlugins\DetectIdentify\ColorIdentify\ColorIdentify.vcxproj", "{7368DF40-58D3-4C04-83C6-F48B85799E8C}"
EndProject
Project("{8BC9CEB8-8B4A-11D0-8D11-00A0C91BC942}") = "ImageRepair", "QPlugins\ImageProcess\ImageRepair\ImageRepair.vcxproj", "{2BF28C22-C5B0-4ADA-A093-C63C963C9E67}"
EndProject
Project("{8BC9CEB8-8B4A-11D0-8D11-00A0C91BC942}") = "ImageFlip", "QPlugins\ImageProcess\ImageFlip\ImageFlip.vcxproj", "{19222137-CF29-477A-9501-C5EB5C2E2DC0}"
EndProject
Project("{8BC9CEB8-8B4A-11D0-8D11-00A0C91BC942}") = "ImageRotate", "QPlugins\ImageProcess\ImageRotate\ImageRotate.vcxproj", "{80AB93B0-E079-4B09-8D54-C6806656D7A8}"
EndProject
Project("{8BC9CEB8-8B4A-11D0-8D11-00A0C91BC942}") = "PerspectiveTransform", "QPlugins\ImageProcess\PerspectiveTransform\PerspectiveTransform.vcxproj", "{7B6D99D2-C0F8-401E-956D-0BD2D3302058}"
EndProject
Project("{8BC9CEB8-8B4A-11D0-8D11-00A0C91BC942}") = "Skeleton", "QPlugins\ImageProcess\Skeleton\Skeleton.vcxproj", "{14037853-CE6D-4195-8812-3D013BC449E9}"
EndProject
Project("{8BC9CEB8-8B4A-11D0-8D11-00A0C91BC942}") = "Brightness", "QPlugins\DetectIdentify\Brightness\Brightness.vcxproj", "{42D96B7A-BF93-491D-A295-A7FB680E71A9}"
EndProject
Project("{8BC9CEB8-8B4A-11D0-8D11-00A0C91BC942}") = "ImageClarity", "QPlugins\DetectIdentify\ImageClarity\ImageClarity.vcxproj", "{67DB72BF-4D99-48B5-BF9F-991407CD88D3}"
EndProject
Project("{8BC9CEB8-8B4A-11D0-8D11-00A0C91BC942}") = "CropImage", "QPlugins\ImageProcess\CropImage\CropImage.vcxproj", "{7372D814-95AC-455C-A9AD-6FE0C20443E7}"
EndProject
Project("{8BC9CEB8-8B4A-11D0-8D11-00A0C91BC942}") = "SelectShape", "QPlugins\DetectIdentify\SelectShape\SelectShape.vcxproj", "{9619CB68-1772-4D92-825D-1F39D8F44ABC}"
EndProject
Project("{8BC9CEB8-8B4A-11D0-8D11-00A0C91BC942}") = "BlobDetector", "QPlugins\DetectIdentify\BlobDetector\BlobDetector.vcxproj", "{616CC260-1311-4A22-8FA7-286204592634}"
EndProject
Project("{8BC9CEB8-8B4A-11D0-8D11-00A0C91BC942}") = "CreateRoi", "QPlugins\ImageProcess\CreateRoi\CreateRoi.vcxproj", "{7753F7D0-7E12-473B-AFA0-17E8E4A9D8B7}"
EndProject
Project("{8BC9CEB8-8B4A-11D0-8D11-00A0C91BC942}") = "CamShiftTrack", "QPlugins\ParaTools\CamShiftTrack\CamShiftTrack.vcxproj", "{5CE9473E-F9B9-4575-95DF-860DFE0C9901}"
EndProject
Project("{8BC9CEB8-8B4A-11D0-8D11-00A0C91BC942}") = "LinearCalculation", "QPlugins\ParaTools\LinearCalculation\LinearCalculation.vcxproj", "{F33A4959-7388-4C82-B924-20C61EAE941E}"
EndProject
Project("{8BC9CEB8-8B4A-11D0-8D11-00A0C91BC942}") = "LineCircle", "QPlugins\GeometryMeasure\LineCircle\LineCircle.vcxproj", "{60C20034-985A-4DCB-9A74-279027E37010}"
EndProject
Project("{8BC9CEB8-8B4A-11D0-8D11-00A0C91BC942}") = "LineLineI", "QPlugins\GeometryMeasure\LineLineI\LineLineI.vcxproj", "{F9E21783-C7AA-4A1F-8E93-2ADAB581811F}"
EndProject
Project("{8BC9CEB8-8B4A-11D0-8D11-00A0C91BC942}") = "PointLine", "QPlugins\GeometryMeasure\PointLine\PointLine.vcxproj", "{B35DAF76-96DF-466F-8FC5-FB849761653E}"
EndProject
Project("{8BC9CEB8-8B4A-11D0-8D11-00A0C91BC942}") = "PointPoint", "QPlugins\GeometryMeasure\PointPoint\PointPoint.vcxproj", "{83D2FDBE-07A1-404C-8C7B-037816E861AE}"
EndProject
Project("{8BC9CEB8-8B4A-11D0-8D11-00A0C91BC942}") = "RoundedCorners", "QPlugins\GeometryMeasure\RoundedCorners\RoundedCorners.vcxproj", "{50272A3C-A1EC-4500-8004-A1C73FD1007C}"
EndProject
Project("{8BC9CEB8-8B4A-11D0-8D11-00A0C91BC942}") = "Z_EdgeWidthMeasure", "QPlugins\GeometryMeasure\EdgeWidthMeasure\Z_EdgeWidthMeasure.vcxproj", "{98B6FD31-FD1A-4BFF-8ACF-4A7E9DBE4BF0}"
EndProject
Project("{8BC9CEB8-8B4A-11D0-8D11-00A0C91BC942}") = "FitLine", "QPlugins\GeometryTools\FitLine\FitLine.vcxproj", "{AD4E8AD1-3FD1-4415-B7BC-21A1E14F568A}"
EndProject
Project("{8BC9CEB8-8B4A-11D0-8D11-00A0C91BC942}") = "FitCircle", "QPlugins\GeometryTools\FitCircle\FitCircle.vcxproj", "{1E3FCA9D-D63C-4DCF-9F78-2CCE76DBD0A7}"
EndProject
Project("{8BC9CEB8-8B4A-11D0-8D11-00A0C91BC942}") = "FitEllipse", "QPlugins\GeometryTools\FitEllipse\FitEllipse.vcxproj", "{DE1A1BE4-232E-4C9E-9E12-C41CDB250685}"
EndProject
Project("{8BC9CEB8-8B4A-11D0-8D11-00A0C91BC942}") = "GetContourPoints", "QPlugins\GeometryTools\GetContourPoints\GetContourPoints.vcxproj", "{7DF9459F-C521-4046-8197-35C847DD40D1}"
EndProject
Project("{8BC9CEB8-8B4A-11D0-8D11-00A0C91BC942}") = "LogicJudgeEnd", "QPlugins\LogicalTools\LogicJudgeEnd\LogicJudgeEnd.vcxproj", "{531EA7D7-36CE-4EFF-99D9-8CA813666009}"
EndProject
Project("{8BC9CEB8-8B4A-11D0-8D11-00A0C91BC942}") = "FindCircle", "QPlugins\GeometryTools\FindCircle\FindCircle.vcxproj", "{49C9E573-E286-4DDB-9C70-5BF4DB15AF24}"
EndProject
Project("{8BC9CEB8-8B4A-11D0-8D11-00A0C91BC942}") = "FindLine", "QPlugins\GeometryTools\FindLine\FindLine.vcxproj", "{FB1EC684-76ED-4C2D-AF08-36FB19AE5324}"
EndProject
Project("{8BC9CEB8-8B4A-11D0-8D11-00A0C91BC942}") = "LogicGoto", "QPlugins\LogicalTools\LogicGoto\LogicGoto.vcxproj", "{B7860DF4-763D-4FC5-AF49-284D88049737}"
EndProject
Project("{8BC9CEB8-8B4A-11D0-8D11-00A0C91BC942}") = "SocketTcpClient", "QPlugins\CommunicateTools\SocketTcpClient\SocketTcpClient.vcxproj", "{014C1039-4F73-4A2F-969B-D749014F175F}"
EndProject
Project("{8BC9CEB8-8B4A-11D0-8D11-00A0C91BC942}") = "SocketTcpServer", "QPlugins\CommunicateTools\SocketTcpServer\SocketTcpServer.vcxproj", "{E4B08EE0-B64E-4A77-90B4-5A6E65C4E9FF}"
EndProject
Project("{8BC9CEB8-8B4A-11D0-8D11-00A0C91BC942}") = "ShapeMatch", "QPlugins\ParaTools\ShapeMatch\ShapeMatch.vcxproj", "{C46277B2-AD21-4B0E-81AD-0DFB5E0A36BB}"
EndProject
Global
	GlobalSection(SolutionConfigurationPlatforms) = preSolution
		Debug|x64 = Debug|x64
		Release|x64 = Release|x64
	EndGlobalSection
	GlobalSection(ProjectConfigurationPlatforms) = postSolution
		{D7749FB8-95AA-49A4-A6DB-CCD6AF5A6EF4}.Debug|x64.ActiveCfg = Debug|x64
		{D7749FB8-95AA-49A4-A6DB-CCD6AF5A6EF4}.Debug|x64.Build.0 = Debug|x64
		{D7749FB8-95AA-49A4-A6DB-CCD6AF5A6EF4}.Release|x64.ActiveCfg = Release|x64
		{D7749FB8-95AA-49A4-A6DB-CCD6AF5A6EF4}.Release|x64.Build.0 = Release|x64
		{A039A46A-F986-4493-9318-77E5E268632B}.Debug|x64.ActiveCfg = Debug|x64
		{A039A46A-F986-4493-9318-77E5E268632B}.Debug|x64.Build.0 = Debug|x64
		{A039A46A-F986-4493-9318-77E5E268632B}.Release|x64.ActiveCfg = Release|x64
		{A039A46A-F986-4493-9318-77E5E268632B}.Release|x64.Build.0 = Release|x64
		{12D1773E-F6C5-48F9-BF60-7522E69FC5F7}.Debug|x64.ActiveCfg = Debug|x64
		{12D1773E-F6C5-48F9-BF60-7522E69FC5F7}.Debug|x64.Build.0 = Debug|x64
		{12D1773E-F6C5-48F9-BF60-7522E69FC5F7}.Release|x64.ActiveCfg = Release|x64
		{12D1773E-F6C5-48F9-BF60-7522E69FC5F7}.Release|x64.Build.0 = Release|x64
		{8032AF6E-F302-460E-A0BC-0D30490F61F2}.Debug|x64.ActiveCfg = Debug|x64
		{8032AF6E-F302-460E-A0BC-0D30490F61F2}.Debug|x64.Build.0 = Debug|x64
		{8032AF6E-F302-460E-A0BC-0D30490F61F2}.Release|x64.ActiveCfg = Release|x64
		{8032AF6E-F302-460E-A0BC-0D30490F61F2}.Release|x64.Build.0 = Release|x64
		{203A6C44-8363-45E2-84EF-B8CD5C26E19C}.Debug|x64.ActiveCfg = Debug|x64
		{203A6C44-8363-45E2-84EF-B8CD5C26E19C}.Debug|x64.Build.0 = Debug|x64
		{203A6C44-8363-45E2-84EF-B8CD5C26E19C}.Release|x64.ActiveCfg = Release|x64
		{203A6C44-8363-45E2-84EF-B8CD5C26E19C}.Release|x64.Build.0 = Release|x64
		{3B875F15-46F9-4F79-9312-7B39E019AEAD}.Debug|x64.ActiveCfg = Debug|x64
		{3B875F15-46F9-4F79-9312-7B39E019AEAD}.Debug|x64.Build.0 = Debug|x64
		{3B875F15-46F9-4F79-9312-7B39E019AEAD}.Release|x64.ActiveCfg = Release|x64
		{3B875F15-46F9-4F79-9312-7B39E019AEAD}.Release|x64.Build.0 = Release|x64
		{4C44ABB2-597D-4DCC-84F8-082EB5135BE4}.Debug|x64.ActiveCfg = Debug|x64
		{4C44ABB2-597D-4DCC-84F8-082EB5135BE4}.Debug|x64.Build.0 = Debug|x64
		{4C44ABB2-597D-4DCC-84F8-082EB5135BE4}.Release|x64.ActiveCfg = Release|x64
		{4C44ABB2-597D-4DCC-84F8-082EB5135BE4}.Release|x64.Build.0 = Release|x64
		{3F868256-5681-485D-A208-51AC561646FF}.Debug|x64.ActiveCfg = Debug|x64
		{3F868256-5681-485D-A208-51AC561646FF}.Debug|x64.Build.0 = Debug|x64
		{3F868256-5681-485D-A208-51AC561646FF}.Release|x64.ActiveCfg = Release|x64
		{3F868256-5681-485D-A208-51AC561646FF}.Release|x64.Build.0 = Release|x64
		{ECB11764-9B90-434F-B0D0-3B7869BC8BC9}.Debug|x64.ActiveCfg = Debug|x64
		{ECB11764-9B90-434F-B0D0-3B7869BC8BC9}.Debug|x64.Build.0 = Debug|x64
		{ECB11764-9B90-434F-B0D0-3B7869BC8BC9}.Release|x64.ActiveCfg = Release|x64
		{ECB11764-9B90-434F-B0D0-3B7869BC8BC9}.Release|x64.Build.0 = Release|x64
		{E4C41B7A-5AA7-444B-BD02-CAB1157639ED}.Debug|x64.ActiveCfg = Debug|x64
		{E4C41B7A-5AA7-444B-BD02-CAB1157639ED}.Debug|x64.Build.0 = Debug|x64
		{E4C41B7A-5AA7-444B-BD02-CAB1157639ED}.Release|x64.ActiveCfg = Release|x64
		{E4C41B7A-5AA7-444B-BD02-CAB1157639ED}.Release|x64.Build.0 = Release|x64
		{766259F7-1CE3-4ABE-B52A-33DF0A2AF254}.Debug|x64.ActiveCfg = Debug|x64
		{766259F7-1CE3-4ABE-B52A-33DF0A2AF254}.Debug|x64.Build.0 = Debug|x64
		{766259F7-1CE3-4ABE-B52A-33DF0A2AF254}.Release|x64.ActiveCfg = Release|x64
		{766259F7-1CE3-4ABE-B52A-33DF0A2AF254}.Release|x64.Build.0 = Release|x64
		{2D763039-78F6-4970-83A6-A5F0F4EEDA0C}.Debug|x64.ActiveCfg = Debug|x64
		{2D763039-78F6-4970-83A6-A5F0F4EEDA0C}.Debug|x64.Build.0 = Debug|x64
		{2D763039-78F6-4970-83A6-A5F0F4EEDA0C}.Release|x64.ActiveCfg = Release|x64
		{2D763039-78F6-4970-83A6-A5F0F4EEDA0C}.Release|x64.Build.0 = Release|x64
		{F840841F-6B77-4066-A283-9FE1BC1959E6}.Debug|x64.ActiveCfg = Debug|x64
		{F840841F-6B77-4066-A283-9FE1BC1959E6}.Debug|x64.Build.0 = Debug|x64
		{F840841F-6B77-4066-A283-9FE1BC1959E6}.Release|x64.ActiveCfg = Release|x64
		{F840841F-6B77-4066-A283-9FE1BC1959E6}.Release|x64.Build.0 = Release|x64
		{577EA28B-92E6-42BD-B6AF-654B9CEB1EBE}.Debug|x64.ActiveCfg = Debug|x64
		{577EA28B-92E6-42BD-B6AF-654B9CEB1EBE}.Debug|x64.Build.0 = Debug|x64
		{577EA28B-92E6-42BD-B6AF-654B9CEB1EBE}.Release|x64.ActiveCfg = Release|x64
		{577EA28B-92E6-42BD-B6AF-654B9CEB1EBE}.Release|x64.Build.0 = Release|x64
		{EDFFF14A-9865-4E3C-994A-876319DD4797}.Debug|x64.ActiveCfg = Debug|x64
		{EDFFF14A-9865-4E3C-994A-876319DD4797}.Debug|x64.Build.0 = Debug|x64
		{EDFFF14A-9865-4E3C-994A-876319DD4797}.Release|x64.ActiveCfg = Release|x64
		{EDFFF14A-9865-4E3C-994A-876319DD4797}.Release|x64.Build.0 = Release|x64
		{539CAC47-4840-434F-BA97-23D3198E5CF4}.Debug|x64.ActiveCfg = Debug|x64
		{539CAC47-4840-434F-BA97-23D3198E5CF4}.Debug|x64.Build.0 = Debug|x64
		{539CAC47-4840-434F-BA97-23D3198E5CF4}.Release|x64.ActiveCfg = Release|x64
		{539CAC47-4840-434F-BA97-23D3198E5CF4}.Release|x64.Build.0 = Release|x64
		{9F834210-0094-4D2A-8FDE-F8652B4CAB85}.Debug|x64.ActiveCfg = Debug|x64
		{9F834210-0094-4D2A-8FDE-F8652B4CAB85}.Debug|x64.Build.0 = Debug|x64
		{9F834210-0094-4D2A-8FDE-F8652B4CAB85}.Release|x64.ActiveCfg = Release|x64
		{9F834210-0094-4D2A-8FDE-F8652B4CAB85}.Release|x64.Build.0 = Release|x64
		{66F4D300-EA15-47AC-96A2-A8ED70B7DC37}.Debug|x64.ActiveCfg = Debug|x64
		{66F4D300-EA15-47AC-96A2-A8ED70B7DC37}.Debug|x64.Build.0 = Debug|x64
		{66F4D300-EA15-47AC-96A2-A8ED70B7DC37}.Release|x64.ActiveCfg = Release|x64
		{66F4D300-EA15-47AC-96A2-A8ED70B7DC37}.Release|x64.Build.0 = Release|x64
		{6E928964-4B81-4C21-BDCA-D231476BC2EF}.Debug|x64.ActiveCfg = Debug|x64
		{6E928964-4B81-4C21-BDCA-D231476BC2EF}.Debug|x64.Build.0 = Debug|x64
		{6E928964-4B81-4C21-BDCA-D231476BC2EF}.Release|x64.ActiveCfg = Release|x64
		{6E928964-4B81-4C21-BDCA-D231476BC2EF}.Release|x64.Build.0 = Release|x64
		{1E5AA5BD-D5D2-422F-B690-7862FD541A32}.Debug|x64.ActiveCfg = Debug|x64
		{1E5AA5BD-D5D2-422F-B690-7862FD541A32}.Debug|x64.Build.0 = Debug|x64
		{1E5AA5BD-D5D2-422F-B690-7862FD541A32}.Release|x64.ActiveCfg = Release|x64
		{1E5AA5BD-D5D2-422F-B690-7862FD541A32}.Release|x64.Build.0 = Release|x64
		{74555634-8855-44E7-A9B7-7E6B3FF426E2}.Debug|x64.ActiveCfg = Debug|x64
		{74555634-8855-44E7-A9B7-7E6B3FF426E2}.Debug|x64.Build.0 = Debug|x64
		{74555634-8855-44E7-A9B7-7E6B3FF426E2}.Release|x64.ActiveCfg = Release|x64
		{74555634-8855-44E7-A9B7-7E6B3FF426E2}.Release|x64.Build.0 = Release|x64
		{A1713EEA-988A-4E1B-950B-EE8F07B24C5B}.Debug|x64.ActiveCfg = Debug|x64
		{A1713EEA-988A-4E1B-950B-EE8F07B24C5B}.Debug|x64.Build.0 = Debug|x64
		{A1713EEA-988A-4E1B-950B-EE8F07B24C5B}.Release|x64.ActiveCfg = Release|x64
		{A1713EEA-988A-4E1B-950B-EE8F07B24C5B}.Release|x64.Build.0 = Release|x64
		{BD5A6375-53DD-4F17-A987-3C9F1EE6DAA7}.Debug|x64.ActiveCfg = Debug|x64
		{BD5A6375-53DD-4F17-A987-3C9F1EE6DAA7}.Debug|x64.Build.0 = Debug|x64
		{BD5A6375-53DD-4F17-A987-3C9F1EE6DAA7}.Release|x64.ActiveCfg = Release|x64
		{BD5A6375-53DD-4F17-A987-3C9F1EE6DAA7}.Release|x64.Build.0 = Release|x64
		{7368DF40-58D3-4C04-83C6-F48B85799E8C}.Debug|x64.ActiveCfg = Debug|x64
		{7368DF40-58D3-4C04-83C6-F48B85799E8C}.Debug|x64.Build.0 = Debug|x64
		{7368DF40-58D3-4C04-83C6-F48B85799E8C}.Release|x64.ActiveCfg = Release|x64
		{7368DF40-58D3-4C04-83C6-F48B85799E8C}.Release|x64.Build.0 = Release|x64
		{2BF28C22-C5B0-4ADA-A093-C63C963C9E67}.Debug|x64.ActiveCfg = Debug|x64
		{2BF28C22-C5B0-4ADA-A093-C63C963C9E67}.Debug|x64.Build.0 = Debug|x64
		{2BF28C22-C5B0-4ADA-A093-C63C963C9E67}.Release|x64.ActiveCfg = Release|x64
		{2BF28C22-C5B0-4ADA-A093-C63C963C9E67}.Release|x64.Build.0 = Release|x64
		{19222137-CF29-477A-9501-C5EB5C2E2DC0}.Debug|x64.ActiveCfg = Debug|x64
		{19222137-CF29-477A-9501-C5EB5C2E2DC0}.Debug|x64.Build.0 = Debug|x64
		{19222137-CF29-477A-9501-C5EB5C2E2DC0}.Release|x64.ActiveCfg = Release|x64
		{19222137-CF29-477A-9501-C5EB5C2E2DC0}.Release|x64.Build.0 = Release|x64
		{80AB93B0-E079-4B09-8D54-C6806656D7A8}.Debug|x64.ActiveCfg = Debug|x64
		{80AB93B0-E079-4B09-8D54-C6806656D7A8}.Debug|x64.Build.0 = Debug|x64
		{80AB93B0-E079-4B09-8D54-C6806656D7A8}.Release|x64.ActiveCfg = Release|x64
		{80AB93B0-E079-4B09-8D54-C6806656D7A8}.Release|x64.Build.0 = Release|x64
		{7B6D99D2-C0F8-401E-956D-0BD2D3302058}.Debug|x64.ActiveCfg = Debug|x64
		{7B6D99D2-C0F8-401E-956D-0BD2D3302058}.Debug|x64.Build.0 = Debug|x64
		{7B6D99D2-C0F8-401E-956D-0BD2D3302058}.Release|x64.ActiveCfg = Release|x64
		{7B6D99D2-C0F8-401E-956D-0BD2D3302058}.Release|x64.Build.0 = Release|x64
		{14037853-CE6D-4195-8812-3D013BC449E9}.Debug|x64.ActiveCfg = Debug|x64
		{14037853-CE6D-4195-8812-3D013BC449E9}.Debug|x64.Build.0 = Debug|x64
		{14037853-CE6D-4195-8812-3D013BC449E9}.Release|x64.ActiveCfg = Release|x64
		{14037853-CE6D-4195-8812-3D013BC449E9}.Release|x64.Build.0 = Release|x64
		{42D96B7A-BF93-491D-A295-A7FB680E71A9}.Debug|x64.ActiveCfg = Debug|x64
		{42D96B7A-BF93-491D-A295-A7FB680E71A9}.Debug|x64.Build.0 = Debug|x64
		{42D96B7A-BF93-491D-A295-A7FB680E71A9}.Release|x64.ActiveCfg = Release|x64
		{42D96B7A-BF93-491D-A295-A7FB680E71A9}.Release|x64.Build.0 = Release|x64
		{67DB72BF-4D99-48B5-BF9F-991407CD88D3}.Debug|x64.ActiveCfg = Debug|x64
		{67DB72BF-4D99-48B5-BF9F-991407CD88D3}.Debug|x64.Build.0 = Debug|x64
		{67DB72BF-4D99-48B5-BF9F-991407CD88D3}.Release|x64.ActiveCfg = Release|x64
		{67DB72BF-4D99-48B5-BF9F-991407CD88D3}.Release|x64.Build.0 = Release|x64
		{7372D814-95AC-455C-A9AD-6FE0C20443E7}.Debug|x64.ActiveCfg = Debug|x64
		{7372D814-95AC-455C-A9AD-6FE0C20443E7}.Debug|x64.Build.0 = Debug|x64
		{7372D814-95AC-455C-A9AD-6FE0C20443E7}.Release|x64.ActiveCfg = Release|x64
		{7372D814-95AC-455C-A9AD-6FE0C20443E7}.Release|x64.Build.0 = Release|x64
		{9619CB68-1772-4D92-825D-1F39D8F44ABC}.Debug|x64.ActiveCfg = Debug|x64
		{9619CB68-1772-4D92-825D-1F39D8F44ABC}.Debug|x64.Build.0 = Debug|x64
		{9619CB68-1772-4D92-825D-1F39D8F44ABC}.Release|x64.ActiveCfg = Release|x64
		{9619CB68-1772-4D92-825D-1F39D8F44ABC}.Release|x64.Build.0 = Release|x64
		{616CC260-1311-4A22-8FA7-286204592634}.Debug|x64.ActiveCfg = Debug|x64
		{616CC260-1311-4A22-8FA7-286204592634}.Debug|x64.Build.0 = Debug|x64
		{616CC260-1311-4A22-8FA7-286204592634}.Release|x64.ActiveCfg = Release|x64
		{616CC260-1311-4A22-8FA7-286204592634}.Release|x64.Build.0 = Release|x64
		{7753F7D0-7E12-473B-AFA0-17E8E4A9D8B7}.Debug|x64.ActiveCfg = Debug|x64
		{7753F7D0-7E12-473B-AFA0-17E8E4A9D8B7}.Debug|x64.Build.0 = Debug|x64
		{7753F7D0-7E12-473B-AFA0-17E8E4A9D8B7}.Release|x64.ActiveCfg = Release|x64
		{7753F7D0-7E12-473B-AFA0-17E8E4A9D8B7}.Release|x64.Build.0 = Release|x64
		{5CE9473E-F9B9-4575-95DF-860DFE0C9901}.Debug|x64.ActiveCfg = Debug|x64
		{5CE9473E-F9B9-4575-95DF-860DFE0C9901}.Debug|x64.Build.0 = Debug|x64
		{5CE9473E-F9B9-4575-95DF-860DFE0C9901}.Release|x64.ActiveCfg = Release|x64
		{5CE9473E-F9B9-4575-95DF-860DFE0C9901}.Release|x64.Build.0 = Release|x64
		{F33A4959-7388-4C82-B924-20C61EAE941E}.Debug|x64.ActiveCfg = Debug|x64
		{F33A4959-7388-4C82-B924-20C61EAE941E}.Debug|x64.Build.0 = Debug|x64
		{F33A4959-7388-4C82-B924-20C61EAE941E}.Release|x64.ActiveCfg = Release|x64
		{F33A4959-7388-4C82-B924-20C61EAE941E}.Release|x64.Build.0 = Release|x64
		{60C20034-985A-4DCB-9A74-279027E37010}.Debug|x64.ActiveCfg = Debug|x64
		{60C20034-985A-4DCB-9A74-279027E37010}.Debug|x64.Build.0 = Debug|x64
		{60C20034-985A-4DCB-9A74-279027E37010}.Release|x64.ActiveCfg = Release|x64
		{60C20034-985A-4DCB-9A74-279027E37010}.Release|x64.Build.0 = Release|x64
		{F9E21783-C7AA-4A1F-8E93-2ADAB581811F}.Debug|x64.ActiveCfg = Debug|x64
		{F9E21783-C7AA-4A1F-8E93-2ADAB581811F}.Debug|x64.Build.0 = Debug|x64
		{F9E21783-C7AA-4A1F-8E93-2ADAB581811F}.Release|x64.ActiveCfg = Release|x64
		{F9E21783-C7AA-4A1F-8E93-2ADAB581811F}.Release|x64.Build.0 = Release|x64
		{B35DAF76-96DF-466F-8FC5-FB849761653E}.Debug|x64.ActiveCfg = Debug|x64
		{B35DAF76-96DF-466F-8FC5-FB849761653E}.Debug|x64.Build.0 = Debug|x64
		{B35DAF76-96DF-466F-8FC5-FB849761653E}.Release|x64.ActiveCfg = Release|x64
		{B35DAF76-96DF-466F-8FC5-FB849761653E}.Release|x64.Build.0 = Release|x64
		{83D2FDBE-07A1-404C-8C7B-037816E861AE}.Debug|x64.ActiveCfg = Debug|x64
		{83D2FDBE-07A1-404C-8C7B-037816E861AE}.Debug|x64.Build.0 = Debug|x64
		{83D2FDBE-07A1-404C-8C7B-037816E861AE}.Release|x64.ActiveCfg = Release|x64
		{83D2FDBE-07A1-404C-8C7B-037816E861AE}.Release|x64.Build.0 = Release|x64
		{50272A3C-A1EC-4500-8004-A1C73FD1007C}.Debug|x64.ActiveCfg = Debug|x64
		{50272A3C-A1EC-4500-8004-A1C73FD1007C}.Debug|x64.Build.0 = Debug|x64
		{50272A3C-A1EC-4500-8004-A1C73FD1007C}.Release|x64.ActiveCfg = Release|x64
		{50272A3C-A1EC-4500-8004-A1C73FD1007C}.Release|x64.Build.0 = Release|x64
		{98B6FD31-FD1A-4BFF-8ACF-4A7E9DBE4BF0}.Debug|x64.ActiveCfg = Debug|x64
		{98B6FD31-FD1A-4BFF-8ACF-4A7E9DBE4BF0}.Debug|x64.Build.0 = Debug|x64
		{98B6FD31-FD1A-4BFF-8ACF-4A7E9DBE4BF0}.Release|x64.ActiveCfg = Release|x64
		{98B6FD31-FD1A-4BFF-8ACF-4A7E9DBE4BF0}.Release|x64.Build.0 = Release|x64
		{AD4E8AD1-3FD1-4415-B7BC-21A1E14F568A}.Debug|x64.ActiveCfg = Debug|x64
		{AD4E8AD1-3FD1-4415-B7BC-21A1E14F568A}.Debug|x64.Build.0 = Debug|x64
		{AD4E8AD1-3FD1-4415-B7BC-21A1E14F568A}.Release|x64.ActiveCfg = Release|x64
		{AD4E8AD1-3FD1-4415-B7BC-21A1E14F568A}.Release|x64.Build.0 = Release|x64
		{1E3FCA9D-D63C-4DCF-9F78-2CCE76DBD0A7}.Debug|x64.ActiveCfg = Debug|x64
		{1E3FCA9D-D63C-4DCF-9F78-2CCE76DBD0A7}.Debug|x64.Build.0 = Debug|x64
		{1E3FCA9D-D63C-4DCF-9F78-2CCE76DBD0A7}.Release|x64.ActiveCfg = Release|x64
		{1E3FCA9D-D63C-4DCF-9F78-2CCE76DBD0A7}.Release|x64.Build.0 = Release|x64
		{DE1A1BE4-232E-4C9E-9E12-C41CDB250685}.Debug|x64.ActiveCfg = Debug|x64
		{DE1A1BE4-232E-4C9E-9E12-C41CDB250685}.Debug|x64.Build.0 = Debug|x64
		{DE1A1BE4-232E-4C9E-9E12-C41CDB250685}.Release|x64.ActiveCfg = Release|x64
		{DE1A1BE4-232E-4C9E-9E12-C41CDB250685}.Release|x64.Build.0 = Release|x64
		{7DF9459F-C521-4046-8197-35C847DD40D1}.Debug|x64.ActiveCfg = Debug|x64
		{7DF9459F-C521-4046-8197-35C847DD40D1}.Debug|x64.Build.0 = Debug|x64
		{7DF9459F-C521-4046-8197-35C847DD40D1}.Release|x64.ActiveCfg = Release|x64
		{7DF9459F-C521-4046-8197-35C847DD40D1}.Release|x64.Build.0 = Release|x64
		{531EA7D7-36CE-4EFF-99D9-8CA813666009}.Debug|x64.ActiveCfg = Debug|x64
		{531EA7D7-36CE-4EFF-99D9-8CA813666009}.Debug|x64.Build.0 = Debug|x64
		{531EA7D7-36CE-4EFF-99D9-8CA813666009}.Release|x64.ActiveCfg = Release|x64
		{531EA7D7-36CE-4EFF-99D9-8CA813666009}.Release|x64.Build.0 = Release|x64
		{49C9E573-E286-4DDB-9C70-5BF4DB15AF24}.Debug|x64.ActiveCfg = Debug|x64
		{49C9E573-E286-4DDB-9C70-5BF4DB15AF24}.Debug|x64.Build.0 = Debug|x64
		{49C9E573-E286-4DDB-9C70-5BF4DB15AF24}.Release|x64.ActiveCfg = Release|x64
		{49C9E573-E286-4DDB-9C70-5BF4DB15AF24}.Release|x64.Build.0 = Release|x64
		{FB1EC684-76ED-4C2D-AF08-36FB19AE5324}.Debug|x64.ActiveCfg = Debug|x64
		{FB1EC684-76ED-4C2D-AF08-36FB19AE5324}.Debug|x64.Build.0 = Debug|x64
		{FB1EC684-76ED-4C2D-AF08-36FB19AE5324}.Release|x64.ActiveCfg = Release|x64
		{FB1EC684-76ED-4C2D-AF08-36FB19AE5324}.Release|x64.Build.0 = Release|x64
		{B7860DF4-763D-4FC5-AF49-284D88049737}.Debug|x64.ActiveCfg = Debug|x64
		{B7860DF4-763D-4FC5-AF49-284D88049737}.Debug|x64.Build.0 = Debug|x64
		{B7860DF4-763D-4FC5-AF49-284D88049737}.Release|x64.ActiveCfg = Release|x64
		{B7860DF4-763D-4FC5-AF49-284D88049737}.Release|x64.Build.0 = Release|x64
		{014C1039-4F73-4A2F-969B-D749014F175F}.Debug|x64.ActiveCfg = Debug|x64
		{014C1039-4F73-4A2F-969B-D749014F175F}.Debug|x64.Build.0 = Debug|x64
		{014C1039-4F73-4A2F-969B-D749014F175F}.Release|x64.ActiveCfg = Release|x64
		{014C1039-4F73-4A2F-969B-D749014F175F}.Release|x64.Build.0 = Release|x64
		{E4B08EE0-B64E-4A77-90B4-5A6E65C4E9FF}.Debug|x64.ActiveCfg = Debug|x64
		{E4B08EE0-B64E-4A77-90B4-5A6E65C4E9FF}.Debug|x64.Build.0 = Debug|x64
		{E4B08EE0-B64E-4A77-90B4-5A6E65C4E9FF}.Release|x64.ActiveCfg = Release|x64
		{E4B08EE0-B64E-4A77-90B4-5A6E65C4E9FF}.Release|x64.Build.0 = Release|x64
		{C46277B2-AD21-4B0E-81AD-0DFB5E0A36BB}.Debug|x64.ActiveCfg = Debug|x64
		{C46277B2-AD21-4B0E-81AD-0DFB5E0A36BB}.Debug|x64.Build.0 = Debug|x64
		{C46277B2-AD21-4B0E-81AD-0DFB5E0A36BB}.Release|x64.ActiveCfg = Release|x64
		{C46277B2-AD21-4B0E-81AD-0DFB5E0A36BB}.Release|x64.Build.0 = Release|x64
	EndGlobalSection
	GlobalSection(SolutionProperties) = preSolution
		HideSolutionNode = FALSE
	EndGlobalSection
	GlobalSection(NestedProjects) = preSolution
		{D7749FB8-95AA-49A4-A6DB-CCD6AF5A6EF4} = {BAD19581-D689-4359-838F-E1628D6CEDDC}
		{D3ACCA54-D5EA-4E42-92AA-F9ABDBC20DED} = {754E8733-3F1B-4D7C-8CE3-49FE26C32213}
		{DD6B2E27-11A5-47E9-9645-1E58B17A9CAE} = {754E8733-3F1B-4D7C-8CE3-49FE26C32213}
		{DCF0A701-65B9-48E8-8745-E05215DD5A9D} = {754E8733-3F1B-4D7C-8CE3-49FE26C32213}
		{B584296C-E705-4302-8722-A050C5458CBE} = {754E8733-3F1B-4D7C-8CE3-49FE26C32213}
		{D7720105-038D-4372-BD39-91AA0C25A144} = {754E8733-3F1B-4D7C-8CE3-49FE26C32213}
		{2628265D-BCB4-4C15-8B7F-84620823B681} = {754E8733-3F1B-4D7C-8CE3-49FE26C32213}
		{9AD16DBA-4D71-4E42-9F5B-E6CB2A090B10} = {754E8733-3F1B-4D7C-8CE3-49FE26C32213}
		{675418CE-4747-4D28-B13A-E91AE980D735} = {754E8733-3F1B-4D7C-8CE3-49FE26C32213}
		{C0435397-543A-4C87-B371-D312575753E4} = {754E8733-3F1B-4D7C-8CE3-49FE26C32213}
		{A039A46A-F986-4493-9318-77E5E268632B} = {D3ACCA54-D5EA-4E42-92AA-F9ABDBC20DED}
		{12D1773E-F6C5-48F9-BF60-7522E69FC5F7} = {DD6B2E27-11A5-47E9-9645-1E58B17A9CAE}
		{8032AF6E-F302-460E-A0BC-0D30490F61F2} = {DD6B2E27-11A5-47E9-9645-1E58B17A9CAE}
		{203A6C44-8363-45E2-84EF-B8CD5C26E19C} = {DCF0A701-65B9-48E8-8745-E05215DD5A9D}
		{3B875F15-46F9-4F79-9312-7B39E019AEAD} = {DCF0A701-65B9-48E8-8745-E05215DD5A9D}
		{4C44ABB2-597D-4DCC-84F8-082EB5135BE4} = {DCF0A701-65B9-48E8-8745-E05215DD5A9D}
		{3F868256-5681-485D-A208-51AC561646FF} = {B584296C-E705-4302-8722-A050C5458CBE}
		{ECB11764-9B90-434F-B0D0-3B7869BC8BC9} = {9AD16DBA-4D71-4E42-9F5B-E6CB2A090B10}
		{E4C41B7A-5AA7-444B-BD02-CAB1157639ED} = {9AD16DBA-4D71-4E42-9F5B-E6CB2A090B10}
		{766259F7-1CE3-4ABE-B52A-33DF0A2AF254} = {C0435397-543A-4C87-B371-D312575753E4}
		{2D763039-78F6-4970-83A6-A5F0F4EEDA0C} = {675418CE-4747-4D28-B13A-E91AE980D735}
		{F840841F-6B77-4066-A283-9FE1BC1959E6} = {D3ACCA54-D5EA-4E42-92AA-F9ABDBC20DED}
		{577EA28B-92E6-42BD-B6AF-654B9CEB1EBE} = {DD6B2E27-11A5-47E9-9645-1E58B17A9CAE}
		{EDFFF14A-9865-4E3C-994A-876319DD4797} = {C0435397-543A-4C87-B371-D312575753E4}
		{539CAC47-4840-434F-BA97-23D3198E5CF4} = {675418CE-4747-4D28-B13A-E91AE980D735}
		{9F834210-0094-4D2A-8FDE-F8652B4CAB85} = {675418CE-4747-4D28-B13A-E91AE980D735}
		{66F4D300-EA15-47AC-96A2-A8ED70B7DC37} = {9AD16DBA-4D71-4E42-9F5B-E6CB2A090B10}
		{5FC7FAEA-00F8-4AAB-A256-4BF306960DD9} = {754E8733-3F1B-4D7C-8CE3-49FE26C32213}
		{6E928964-4B81-4C21-BDCA-D231476BC2EF} = {D3ACCA54-D5EA-4E42-92AA-F9ABDBC20DED}
		{1E5AA5BD-D5D2-422F-B690-7862FD541A32} = {D3ACCA54-D5EA-4E42-92AA-F9ABDBC20DED}
		{74555634-8855-44E7-A9B7-7E6B3FF426E2} = {D3ACCA54-D5EA-4E42-92AA-F9ABDBC20DED}
		{A1713EEA-988A-4E1B-950B-EE8F07B24C5B} = {5FC7FAEA-00F8-4AAB-A256-4BF306960DD9}
		{B99D990C-3242-4FBC-A214-AA4E7DCE3858} = {754E8733-3F1B-4D7C-8CE3-49FE26C32213}
		{BD5A6375-53DD-4F17-A987-3C9F1EE6DAA7} = {B99D990C-3242-4FBC-A214-AA4E7DCE3858}
		{7368DF40-58D3-4C04-83C6-F48B85799E8C} = {DD6B2E27-11A5-47E9-9645-1E58B17A9CAE}
		{2BF28C22-C5B0-4ADA-A093-C63C963C9E67} = {D3ACCA54-D5EA-4E42-92AA-F9ABDBC20DED}
		{19222137-CF29-477A-9501-C5EB5C2E2DC0} = {D3ACCA54-D5EA-4E42-92AA-F9ABDBC20DED}
		{80AB93B0-E079-4B09-8D54-C6806656D7A8} = {D3ACCA54-D5EA-4E42-92AA-F9ABDBC20DED}
		{7B6D99D2-C0F8-401E-956D-0BD2D3302058} = {D3ACCA54-D5EA-4E42-92AA-F9ABDBC20DED}
		{14037853-CE6D-4195-8812-3D013BC449E9} = {D3ACCA54-D5EA-4E42-92AA-F9ABDBC20DED}
		{42D96B7A-BF93-491D-A295-A7FB680E71A9} = {DD6B2E27-11A5-47E9-9645-1E58B17A9CAE}
		{67DB72BF-4D99-48B5-BF9F-991407CD88D3} = {DD6B2E27-11A5-47E9-9645-1E58B17A9CAE}
		{7372D814-95AC-455C-A9AD-6FE0C20443E7} = {D3ACCA54-D5EA-4E42-92AA-F9ABDBC20DED}
		{9619CB68-1772-4D92-825D-1F39D8F44ABC} = {DD6B2E27-11A5-47E9-9645-1E58B17A9CAE}
		{616CC260-1311-4A22-8FA7-286204592634} = {DD6B2E27-11A5-47E9-9645-1E58B17A9CAE}
		{7753F7D0-7E12-473B-AFA0-17E8E4A9D8B7} = {D3ACCA54-D5EA-4E42-92AA-F9ABDBC20DED}
		{5CE9473E-F9B9-4575-95DF-860DFE0C9901} = {B584296C-E705-4302-8722-A050C5458CBE}
		{F33A4959-7388-4C82-B924-20C61EAE941E} = {B584296C-E705-4302-8722-A050C5458CBE}
		{60C20034-985A-4DCB-9A74-279027E37010} = {D7720105-038D-4372-BD39-91AA0C25A144}
		{F9E21783-C7AA-4A1F-8E93-2ADAB581811F} = {D7720105-038D-4372-BD39-91AA0C25A144}
		{B35DAF76-96DF-466F-8FC5-FB849761653E} = {D7720105-038D-4372-BD39-91AA0C25A144}
		{83D2FDBE-07A1-404C-8C7B-037816E861AE} = {D7720105-038D-4372-BD39-91AA0C25A144}
		{50272A3C-A1EC-4500-8004-A1C73FD1007C} = {D7720105-038D-4372-BD39-91AA0C25A144}
		{98B6FD31-FD1A-4BFF-8ACF-4A7E9DBE4BF0} = {D7720105-038D-4372-BD39-91AA0C25A144}
		{AD4E8AD1-3FD1-4415-B7BC-21A1E14F568A} = {2628265D-BCB4-4C15-8B7F-84620823B681}
		{1E3FCA9D-D63C-4DCF-9F78-2CCE76DBD0A7} = {2628265D-BCB4-4C15-8B7F-84620823B681}
		{DE1A1BE4-232E-4C9E-9E12-C41CDB250685} = {2628265D-BCB4-4C15-8B7F-84620823B681}
		{7DF9459F-C521-4046-8197-35C847DD40D1} = {2628265D-BCB4-4C15-8B7F-84620823B681}
		{531EA7D7-36CE-4EFF-99D9-8CA813666009} = {9AD16DBA-4D71-4E42-9F5B-E6CB2A090B10}
		{49C9E573-E286-4DDB-9C70-5BF4DB15AF24} = {2628265D-BCB4-4C15-8B7F-84620823B681}
		{FB1EC684-76ED-4C2D-AF08-36FB19AE5324} = {2628265D-BCB4-4C15-8B7F-84620823B681}
		{B7860DF4-763D-4FC5-AF49-284D88049737} = {9AD16DBA-4D71-4E42-9F5B-E6CB2A090B10}
		{014C1039-4F73-4A2F-969B-D749014F175F} = {675418CE-4747-4D28-B13A-E91AE980D735}
		{E4B08EE0-B64E-4A77-90B4-5A6E65C4E9FF} = {675418CE-4747-4D28-B13A-E91AE980D735}
		{C46277B2-AD21-4B0E-81AD-0DFB5E0A36BB} = {B584296C-E705-4302-8722-A050C5458CBE}
	EndGlobalSection
	GlobalSection(ExtensibilityGlobals) = postSolution
		SolutionGuid = {DAEEFFDE-01BE-4E35-BE04-F007142DCBE8}
	EndGlobalSection
EndGlobal
